
Microsoft Visual Studio Solution File, Format Version 12.00
# Visual Studio 14
VisualStudioVersion = 14.0.25420.1
MinimumVisualStudioVersion = 10.0.40219.1
Project("{9092AA53-FB77-4645-B42D-1CCCA6BD08BD}") = "nodeSensorTest", "nodeSensorTest\nodeSensorTest.njsproj", "{54437300-8F5B-4F6C-AD7E-D7F69312047D}"
EndProject
Project("{2150E333-8FDC-42A3-9474-1A3956D46DE8}") = "Solution Items", "Solution Items", "{FA561D1D-D226-4245-A37B-FC54AA7B9C6C}"
	ProjectSection(SolutionItems) = preProject
		WE-Palette.css = WE-Palette.css
	EndProjectSection
EndProject
Global
	GlobalSection(SolutionConfigurationPlatforms) = preSolution
		Debug|Any CPU = Debug|Any CPU
		Release|Any CPU = Release|Any CPU
	EndGlobalSection
	GlobalSection(ProjectConfigurationPlatforms) = postSolution
		{54437300-8F5B-4F6C-AD7E-D7F69312047D}.Debug|Any CPU.ActiveCfg = Debug|Any CPU
		{54437300-8F5B-4F6C-AD7E-D7F69312047D}.Debug|Any CPU.Build.0 = Debug|Any CPU
		{54437300-8F5B-4F6C-AD7E-D7F69312047D}.Release|Any CPU.ActiveCfg = Release|Any CPU
		{54437300-8F5B-4F6C-AD7E-D7F69312047D}.Release|Any CPU.Build.0 = Release|Any CPU
	EndGlobalSection
	GlobalSection(SolutionProperties) = preSolution
		HideSolutionNode = FALSE
	EndGlobalSection
EndGlobal
